{
  "requires": true,
  "lockfileVersion": 1,
  "dependencies": {
    "@magisterjs/authcode": {
      "version": "1.0.0",
      "resolved": "https://registry.npmjs.org/@magisterjs/authcode/-/authcode-1.0.0.tgz",
      "integrity": "sha512-HV3KfRRuja7Lbntub9jZGcBdN/W7SKF61m5DXriOuzvD1MT3pkfv6P7CnVwbaleTahrk9yHQ/82yUQEHdZ0I8A=="
    },
    "dedent": {
      "version": "0.7.0",
      "resolved": "https://registry.npmjs.org/dedent/-/dedent-0.7.0.tgz",
      "integrity": "sha1-JJXduvbrh0q7Dhvp3yLS5aVEMmw="
    },
    "fixture-stdout": {
      "version": "0.2.1",
      "resolved": "https://registry.npmjs.org/fixture-stdout/-/fixture-stdout-0.2.1.tgz",
      "integrity": "sha1-C3lmU1q4fPA/jcvvq9rD7/4ZWiQ="
    },
    "lodash": {
      "version": "4.17.11",
      "resolved": "https://registry.npmjs.org/lodash/-/lodash-4.17.11.tgz",
      "integrity": "sha512-cQKh8igo5QUhZ7lg38DYWAxMvjSAKG0A8wGSVimP07SIUEK2UO+arSRKbRZWtelMtN5V0Hkwh5ryOto/SshYIg=="
    },
    "magister.js": {
      "version": "2.0.0-alpha.12",
      "resolved": "https://registry.npmjs.org/magister.js/-/magister.js-2.0.0-alpha.12.tgz",
      "integrity": "sha512-V2lL8YmmX9e1b7IuaqRZkq6KPynCH1Qg15zB1cTyiVUlNr8e+RW8mXkQdIdf9FdFNhK0pbbdOeoyZEfQnD/8mg==",
      "requires": {
        "@magisterjs/authcode": "*",
        "dedent": "^0.7.0",
        "lodash": "^4.17.11",
        "moment": "^2.24.0",
        "node-fetch": "^2.6.0"
      },
      "dependencies": {
        "node-fetch": {
          "version": "2.6.0",
          "resolved": "https://registry.npmjs.org/node-fetch/-/node-fetch-2.6.0.tgz",
          "integrity": "sha512-8dG4H5ujfvFiqDmVu9fQ5bOHUC15JMjMY/Zumv26oOvvVJjM67KF8koCWIabKQ1GJIa9r2mMZscBq/TbdOcmNA=="
        }
      }
    },
    "moment": {
      "version": "2.24.0",
      "resolved": "https://registry.npmjs.org/moment/-/moment-2.24.0.tgz",
      "integrity": "sha512-bV7f+6l2QigeBBZSM/6yTNq4P2fNpSWj/0e7jQcy87A8e7o2nAfP/34/2ky5Vw4B9S446EtIhodAzkFCcR4dQg=="
    },
    "node-fetch": {
      "version": "2.3.0",
      "resolved": "https://registry.npmjs.org/node-fetch/-/node-fetch-2.3.0.tgz",
      "integrity": "sha512-MOd8pV3fxENbryESLgVIeaGKrdl+uaYhCSSVkjeOb/31/njTpcis5aWfdqgNlHIrKOLRbMnfPINPOML2CIFeXA=="
    }
  }
}
