{
  "requires": true,
  "lockfileVersion": 1,
  "dependencies": {
    "fixture-stdout": {
      "version": "0.2.1",
      "resolved": "https://registry.npmjs.org/fixture-stdout/-/fixture-stdout-0.2.1.tgz",
      "integrity": "sha1-C3lmU1q4fPA/jcvvq9rD7/4ZWiQ="
    },
    "lodash": {
      "version": "4.17.11",
      "resolved": "https://registry.npmjs.org/lodash/-/lodash-4.17.11.tgz",
      "integrity": "sha512-cQKh8igo5QUhZ7lg38DYWAxMvjSAKG0A8wGSVimP07SIUEK2UO+arSRKbRZWtelMtN5V0Hkwh5ryOto/SshYIg=="
    },
    "magister.js": {
      "version": "2.0.0-alpha.0",
      "resolved": "https://registry.npmjs.org/magister.js/-/magister.js-2.0.0-alpha.0.tgz",
      "integrity": "sha512-9hcu/o6Nf3ae0w1FCv8Isdk+uaYNa296gCm6+DfYIwrIfgCHgr1WxS8fPd+Iu2UpO4ZHX+YT8lOGPuMDKqXmVg==",
      "requires": {
        "lodash": "^4.17.4",
        "moment": "^2.17.1",
        "node-fetch": "^2.2.0"
      }
    },
    "moment": {
      "version": "2.22.2",
      "resolved": "https://registry.npmjs.org/moment/-/moment-2.22.2.tgz",
      "integrity": "sha1-PCV/mDn8DpP/UxSWMiOeuQeD/2Y="
    },
    "node-fetch": {
      "version": "2.2.0",
      "resolved": "https://registry.npmjs.org/node-fetch/-/node-fetch-2.2.0.tgz",
      "integrity": "sha512-OayFWziIxiHY8bCUyLX6sTpDH8Jsbp4FfYd1j1f7vZyfgkcOnAyM4oQR16f8a0s7Gl/viMGRey8eScYk4V4EZA=="
    }
  }
}
